
Microsoft Visual Studio Solution File, Format Version 12.00
# Visual Studio Version 17
VisualStudioVersion = 17.2.32616.157
MinimumVisualStudioVersion = 10.0.40219.1
Project("{9A19103F-16F7-4668-BE54-9A1E7A4F7556}") = "Dominio", "..\Dominio\Dominio.csproj", "{7CF69184-5E9C-44A7-AEE2-5B92E4B1F9BA}"
EndProject
Project("{9A19103F-16F7-4668-BE54-9A1E7A4F7556}") = "Persistencia", "..\Persistencia\Persistencia.csproj", "{D6526709-C276-413B-A07E-1731B7423031}"
EndProject
Project("{9A19103F-16F7-4668-BE54-9A1E7A4F7556}") = "Aplicacion", "..\Aplicacion\Aplicacion.csproj", "{3AE3AEA2-69FD-4D6E-A2CA-621E912BE2C8}"
EndProject
Project("{9A19103F-16F7-4668-BE54-9A1E7A4F7556}") = "WebApi", "..\WebApi\WebApi.csproj", "{8DE1D2F3-D6E7-4B78-A315-D24A37E825C5}"
EndProject
Project("{FAE04EC0-301F-11D3-BF4B-00C04F79EFBC}") = "Seguridad", "..\Seguridad\Seguridad.csproj", "{BFBFDA50-3FF2-4924-97CE-CD3A060A53B4}"
EndProject
Global
	GlobalSection(SolutionConfigurationPlatforms) = preSolution
		Debug|Any CPU = Debug|Any CPU
		Release|Any CPU = Release|Any CPU
	EndGlobalSection
	GlobalSection(ProjectConfigurationPlatforms) = postSolution
		{7CF69184-5E9C-44A7-AEE2-5B92E4B1F9BA}.Debug|Any CPU.ActiveCfg = Debug|Any CPU
		{7CF69184-5E9C-44A7-AEE2-5B92E4B1F9BA}.Debug|Any CPU.Build.0 = Debug|Any CPU
		{7CF69184-5E9C-44A7-AEE2-5B92E4B1F9BA}.Release|Any CPU.ActiveCfg = Release|Any CPU
		{7CF69184-5E9C-44A7-AEE2-5B92E4B1F9BA}.Release|Any CPU.Build.0 = Release|Any CPU
		{D6526709-C276-413B-A07E-1731B7423031}.Debug|Any CPU.ActiveCfg = Debug|Any CPU
		{D6526709-C276-413B-A07E-1731B7423031}.Debug|Any CPU.Build.0 = Debug|Any CPU
		{D6526709-C276-413B-A07E-1731B7423031}.Release|Any CPU.ActiveCfg = Release|Any CPU
		{D6526709-C276-413B-A07E-1731B7423031}.Release|Any CPU.Build.0 = Release|Any CPU
		{3AE3AEA2-69FD-4D6E-A2CA-621E912BE2C8}.Debug|Any CPU.ActiveCfg = Debug|Any CPU
		{3AE3AEA2-69FD-4D6E-A2CA-621E912BE2C8}.Debug|Any CPU.Build.0 = Debug|Any CPU
		{3AE3AEA2-69FD-4D6E-A2CA-621E912BE2C8}.Release|Any CPU.ActiveCfg = Release|Any CPU
		{3AE3AEA2-69FD-4D6E-A2CA-621E912BE2C8}.Release|Any CPU.Build.0 = Release|Any CPU
		{8DE1D2F3-D6E7-4B78-A315-D24A37E825C5}.Debug|Any CPU.ActiveCfg = Debug|Any CPU
		{8DE1D2F3-D6E7-4B78-A315-D24A37E825C5}.Debug|Any CPU.Build.0 = Debug|Any CPU
		{8DE1D2F3-D6E7-4B78-A315-D24A37E825C5}.Release|Any CPU.ActiveCfg = Release|Any CPU
		{8DE1D2F3-D6E7-4B78-A315-D24A37E825C5}.Release|Any CPU.Build.0 = Release|Any CPU
		{BFBFDA50-3FF2-4924-97CE-CD3A060A53B4}.Debug|Any CPU.ActiveCfg = Debug|Any CPU
		{BFBFDA50-3FF2-4924-97CE-CD3A060A53B4}.Debug|Any CPU.Build.0 = Debug|Any CPU
		{BFBFDA50-3FF2-4924-97CE-CD3A060A53B4}.Release|Any CPU.ActiveCfg = Release|Any CPU
		{BFBFDA50-3FF2-4924-97CE-CD3A060A53B4}.Release|Any CPU.Build.0 = Release|Any CPU
	EndGlobalSection
	GlobalSection(SolutionProperties) = preSolution
		HideSolutionNode = FALSE
	EndGlobalSection
	GlobalSection(ExtensibilityGlobals) = postSolution
		SolutionGuid = {ED0D222C-1171-41E1-B51D-A03890933DB7}
	EndGlobalSection
EndGlobal
